lockfileVersion: '9.0'

settings:
  autoInstallPeers: true
  excludeLinksFromLockfile: false

importers:

  .: {}

  extensions/payment-banner:
    dependencies:
      '@shopify/ui-extensions':
        specifier: 2025.4.x
        version: 2025.4.0
      '@shopify/ui-extensions-react':
        specifier: 2025.4.x
        version: 2025.4.0(@shopify/ui-extensions@2025.4.0)(react-reconciler@0.29.0(react@18.3.1))(react@18.3.1)
      react:
        specifier: ^18.0.0
        version: 18.3.1
      react-reconciler:
        specifier: 0.29.0
        version: 0.29.0(react@18.3.1)
    devDependencies:
      '@types/react':
        specifier: ^18.0.0
        version: 18.3.20

  extensions/payment-banner-polaris:
    dependencies:
      '@shopify/ui-extensions':
        specifier: 2025-07-rc
        version: 0.0.0-2025-07-rc-20250425221259
      preact:
        specifier: ^10.10.x
        version: 10.26.5

  extensions/test:
    dependencies:
      '@shopify/ui-extensions':
        specifier: 2025-07-rc
        version: 0.0.0-2025-07-rc-20250425221259
      preact:
        specifier: ^10.10.x
        version: 10.26.5

packages:

  '@nodelib/fs.scandir@2.1.5':
    resolution: {integrity: sha512-vq24Bq3ym5HEQm2NKCr3yXDwjc7vTsEThRDnkp2DK9p1uqLR+DHurm/NOTo0KG7HYHU7eppKZj3MyqYuMBf62g==}
    engines: {node: '>= 8'}

  '@nodelib/fs.stat@2.0.5':
    resolution: {integrity: sha512-RkhPPp2zrqDAQA/2jNhnztcPAlv64XdhIp7a7454A5ovI7Bukxgt7MX7udwAu3zg1DcpPU0rz3VV1SeaqvY4+A==}
    engines: {node: '>= 8'}

  '@nodelib/fs.walk@1.2.8':
    resolution: {integrity: sha512-oGB+UxlgWcgQkgwo8GcEGwemoTFt3FIO9ababBmaGwXIoBKZ+GTy0pP185beGg7Llih/NSHSV2XAs1lnznocSg==}
    engines: {node: '>= 8'}

  '@preact/signals-core@1.8.0':
    resolution: {integrity: sha512-OBvUsRZqNmjzCZXWLxkZfhcgT+Fk8DDcT/8vD6a1xhDemodyy87UJRJfASMuSD8FaAIeGgGm85ydXhm7lr4fyA==}

  '@preact/signals@2.0.4':
    resolution: {integrity: sha512-9241aGnIv7y0IGzaq2vkBMe8/0jGnnmEEUeFmAoTWsaj8q/BW2PVekL8nHVJcy69bBww6rwEy3A1tc6yPE0sJA==}
    peerDependencies:
      preact: '>= 10.25.0'

  '@remote-ui/async-subscription@2.1.16':
    resolution: {integrity: sha512-1DPxo+febMhJvHT44Oe1EMFubOAA+EpfToJvQG/6x7brVx1UKF7k47n3tQR5NDM+gNlDgxT1dEnALOeqYA80mQ==}

  '@remote-ui/core@2.2.5':
    resolution: {integrity: sha512-np+j+Bn5fWjqaOng0UQv4S48JqO/aLkKzCLR07c+PRXbxHxvMuGZeq/MuWOyTheUWhDaV2McrGDk+g/yYKQ8mA==}

  '@remote-ui/react@5.0.6':
    resolution: {integrity: sha512-oSeZm57ZsT17nB1wndhco+MeqfuytSnEhj2t0Hc9H5T87RUk04T2qzrFDoVg6vTEBpgjVMzYv1B/hRM4z3scaw==}
    peerDependencies:
      react: '>=17.0.0 <19.0.0'
      react-reconciler: '>=0.26.0 <0.30.0'
    peerDependenciesMeta:
      react-reconciler:
        optional: true

  '@remote-ui/rpc@1.4.5':
    resolution: {integrity: sha512-Cr+06niG/vmE4A9YsmaKngRuuVSWKMY42NMwtZfy+gctRWGu6Wj9BWuMJg5CEp+JTkRBPToqT5rqnrg1G/Wvow==}

  '@remote-ui/types@1.1.3':
    resolution: {integrity: sha512-P1kN1F3p0oMgnLN8Of1Ie9am3sLvJ7nhqHH1pvzkrxqjVwhhyPVZNcwOHyUNZPKp62izhDavdrcnqrdXzVJqGA==}

  '@shopify/ui-extensions-react@2025.4.0':
    resolution: {integrity: sha512-sFmoMHGgnKrok6wr8Db1xTyZUispON0J13HsGpkCWxneLVhBf0vH5mxHyFxBpnjR335DYqwlZph985SWh/Xyaw==}
    peerDependencies:
      '@shopify/ui-extensions': 2025.4.0
      react: '>=18.0.0'

  '@shopify/ui-extensions@0.0.0-2025-07-rc-20250425221259':
    resolution: {integrity: sha512-Zcu/LvLrP3a7YX4nIWaAvz3NdaluOGpL3miy9O10PSyI5eUZpXpCfp2ILv4PK2hZo6RL6qO+xEiE6OzXhY5Stw==}

  '@shopify/ui-extensions@2025.4.0':
    resolution: {integrity: sha512-i8LxM3EnEwLBjB7bXAWBYLKYnngYfY+PKg8a2s/ll5/hvgWr8XOHNLsXe2aej69tyXVei5QtO4McNiFDU8jBKw==}

  '@ts-morph/common@0.26.1':
    resolution: {integrity: sha512-Sn28TGl/4cFpcM+jwsH1wLncYq3FtN/BIpem+HOygfBWPT5pAeS5dB4VFVzV8FbnOKHpDLZmvAl4AjPEev5idA==}

  '@types/prop-types@15.7.14':
    resolution: {integrity: sha512-gNMvNH49DJ7OJYv+KAKn0Xp45p8PLl6zo2YnvDIbTd4J6MER2BmWN49TG7n9LvkyihINxeKW8+3bfS2yDC9dzQ==}

  '@types/react-reconciler@0.28.9':
    resolution: {integrity: sha512-HHM3nxyUZ3zAylX8ZEyrDNd2XZOnQ0D5XfunJF5FLQnZbHHYq4UWvW1QfelQNXv1ICNkwYhfxjwfnqivYB6bFg==}
    peerDependencies:
      '@types/react': '*'

  '@types/react@18.3.20':
    resolution: {integrity: sha512-IPaCZN7PShZK/3t6Q87pfTkRm6oLTd4vztyoj+cbHUF1g3FfVb2tFIL79uCRKEfv16AhqDMBywP2VW3KIZUvcg==}

  balanced-match@1.0.2:
    resolution: {integrity: sha512-3oSeUO0TMV67hN1AmbXsK4yaqU7tjiHlbxRDZOpH0KW9+CeX4bRAaX0Anxt0tx2MrpRpWwQaPwIlISEJhYU5Pw==}

  brace-expansion@2.0.1:
    resolution: {integrity: sha512-XnAIvQ8eM+kC6aULx6wuQiwVsnzsi9d3WxzV3FpWTGA19F621kwdbsAcFKXgKUHZWsy+mY6iL1sHTxWEFCytDA==}

  braces@3.0.3:
    resolution: {integrity: sha512-yQbXgO/OSZVD2IsiLlro+7Hf6Q18EJrKSEsdoMzKePKXct3gvD8oLcOQdIzGupr5Fj+EDe8gO/lxc1BzfMpxvA==}
    engines: {node: '>=8'}

  code-block-writer@13.0.3:
    resolution: {integrity: sha512-Oofo0pq3IKnsFtuHqSF7TqBfr71aeyZDVJ0HpmqB7FBM2qEigL0iPONSCZSO9pE9dZTAxANe5XHG9Uy0YMv8cg==}

  csstype@3.1.3:
    resolution: {integrity: sha512-M1uQkMl8rQK/szD0LNhtqxIPLpimGm8sOBwU7lLnCpSbTyY3yeU1Vc7l4KT5zT4s/yOxHH5O7tIuuLOCnLADRw==}

  fast-glob@3.3.3:
    resolution: {integrity: sha512-7MptL8U0cqcFdzIzwOTHoilX9x5BrNqye7Z/LuC7kCMRio1EMSyqRK3BEAUD7sXRq4iT4AzTVuZdhgQ2TCvYLg==}
    engines: {node: '>=8.6.0'}

  fastq@1.19.1:
    resolution: {integrity: sha512-GwLTyxkCXjXbxqIhTsMI2Nui8huMPtnxg7krajPJAjnEG/iiOS7i+zCtWGZR9G0NBKbXKh6X9m9UIsYX/N6vvQ==}

  fill-range@7.1.1:
    resolution: {integrity: sha512-YsGpe3WHLK8ZYi4tWDg2Jy3ebRz2rXowDxnld4bkQB00cc/1Zw9AWnC0i9ztDJitivtQvaI9KaLyKrc+hBW0yg==}
    engines: {node: '>=8'}

  glob-parent@5.1.2:
    resolution: {integrity: sha512-AOIgSQCepiJYwP3ARnGx+5VnTu2HBYdzbGP45eLw1vr3zB3vZLeyed1sC9hnbcOc9/SrMyM5RPQrkGz4aS9Zow==}
    engines: {node: '>= 6'}

  is-extglob@2.1.1:
    resolution: {integrity: sha512-SbKbANkN603Vi4jEZv49LeVJMn4yGwsbzZworEoyEiutsN3nJYdbO36zfhGJ6QEDpOZIFkDtnq5JRxmvl3jsoQ==}
    engines: {node: '>=0.10.0'}

  is-glob@4.0.3:
    resolution: {integrity: sha512-xelSayHH36ZgE7ZWhli7pW34hNbNl8Ojv5KVmkJD4hBdD3th8Tfk9vYasLM+mXWOZhFkgZfxhLSnrwRr4elSSg==}
    engines: {node: '>=0.10.0'}

  is-number@7.0.0:
    resolution: {integrity: sha512-41Cifkg6e8TylSpdtTpeLVMqvSBEVzTttHvERD741+pnZ8ANv0004MRL43QKPDlK9cGvNp6NZWZUBlbGXYxxng==}
    engines: {node: '>=0.12.0'}

  js-tokens@4.0.0:
    resolution: {integrity: sha512-RdJUflcE3cUzKiMqQgsCu06FPu9UdIJO0beYbPhHN4k6apgJtifcoCtT9bcxOpYBtpD2kCM6Sbzg4CausW/PKQ==}

  loose-envify@1.4.0:
    resolution: {integrity: sha512-lyuxPGr/Wfhrlem2CL/UcnUc1zcqKAImBDzukY7Y5F/yQiNdko6+fRLevlw1HgMySw7f611UIY408EtxRSoK3Q==}
    hasBin: true

  merge2@1.4.1:
    resolution: {integrity: sha512-8q7VEgMJW4J8tcfVPy8g09NcQwZdbwFEqhe/WZkoIzjn/3TGDwtOCYtXGxA3O8tPzpczCCDgv+P2P5y00ZJOOg==}
    engines: {node: '>= 8'}

  micromatch@4.0.8:
    resolution: {integrity: sha512-PXwfBhYu0hBCPw8Dn0E+WDYb7af3dSLVWKi3HGv84IdF4TyFoC0ysxFd0Goxw7nSv4T/PzEJQxsYsEiFCKo2BA==}
    engines: {node: '>=8.6'}

  minimatch@9.0.5:
    resolution: {integrity: sha512-G6T0ZX48xgozx7587koeX9Ys2NYy6Gmv//P89sEte9V9whIapMNF4idKxnW2QtCcLiTWlb/wfCabAtAFWhhBow==}
    engines: {node: '>=16 || 14 >=14.17'}

  path-browserify@1.0.1:
    resolution: {integrity: sha512-b7uo2UCUOYZcnF/3ID0lulOJi/bafxa1xPe7ZPsammBSpjSWQkjNxlt635YGS2MiR9GjvuXCtz2emr3jbsz98g==}

  picomatch@2.3.1:
    resolution: {integrity: sha512-JU3teHTNjmE2VCGFzuY8EXzCDVwEqB2a8fsIvwaStHhAWJEeVd1o1QD80CU6+ZdEXXSLbSsuLwJjkCBWqRQUVA==}
    engines: {node: '>=8.6'}

  preact@10.26.5:
    resolution: {integrity: sha512-fmpDkgfGU6JYux9teDWLhj9mKN55tyepwYbxHgQuIxbWQzgFg5vk7Mrrtfx7xRxq798ynkY4DDDxZr235Kk+4w==}

  queue-microtask@1.2.3:
    resolution: {integrity: sha512-NuaNSa6flKT5JaSYQzJok04JzTL1CA6aGhv5rfLW3PgqA+M2ChpZQnAC8h8i4ZFkBS8X5RqkDBHA7r4hej3K9A==}

  react-reconciler@0.29.0:
    resolution: {integrity: sha512-wa0fGj7Zht1EYMRhKWwoo1H9GApxYLBuhoAuXN0TlltESAjDssB+Apf0T/DngVqaMyPypDmabL37vw/2aRM98Q==}
    engines: {node: '>=0.10.0'}
    peerDependencies:
      react: ^18.2.0

  react@18.3.1:
    resolution: {integrity: sha512-wS+hAgJShR0KhEvPJArfuPVN1+Hz1t0Y6n5jLrGQbkb4urgPE/0Rve+1kMB1v/oWgHgm4WIcV+i7F2pTVj+2iQ==}
    engines: {node: '>=0.10.0'}

  reusify@1.1.0:
    resolution: {integrity: sha512-g6QUff04oZpHs0eG5p83rFLhHeV00ug/Yf9nZM6fLeUrPguBTkTQOdpAWWspMh55TZfVQDPaN3NQJfbVRAxdIw==}
    engines: {iojs: '>=1.0.0', node: '>=0.10.0'}

  run-parallel@1.2.0:
    resolution: {integrity: sha512-5l4VyZR86LZ/lDxZTR6jqL8AFE2S0IFLMP26AbjsLVADxHdhB/c0GUsH+y39UfCi3dzz8OlQuPmnaJOMoDHQBA==}

  scheduler@0.23.2:
    resolution: {integrity: sha512-UOShsPwz7NrMUqhR6t0hWjFduvOzbtv7toDH1/hIrfRNIDBnnBWd0CwJTGvTpngVlmwGCdP9/Zl/tVrDqcuYzQ==}

  to-regex-range@5.0.1:
    resolution: {integrity: sha512-65P7iz6X5yEr1cwcgvQxbbIw7Uk3gOy5dIdtZ4rDveLqhrdJP+Li/Hx6tyK0NEb+2GCyneCMJiGqrADCSNk8sQ==}
    engines: {node: '>=8.0'}

  ts-morph@25.0.1:
    resolution: {integrity: sha512-QJEiTdnz1YjrB3JFhd626gX4rKHDLSjSVMvGGG4v7ONc3RBwa0Eei98G9AT9uNFDMtV54JyuXsFeC+OH0n6bXQ==}

snapshots:

  '@nodelib/fs.scandir@2.1.5':
    dependencies:
      '@nodelib/fs.stat': 2.0.5
      run-parallel: 1.2.0

  '@nodelib/fs.stat@2.0.5': {}

  '@nodelib/fs.walk@1.2.8':
    dependencies:
      '@nodelib/fs.scandir': 2.1.5
      fastq: 1.19.1

  '@preact/signals-core@1.8.0':
    optional: true

  '@preact/signals@2.0.4(preact@10.26.5)':
    dependencies:
      '@preact/signals-core': 1.8.0
      preact: 10.26.5
    optional: true

  '@remote-ui/async-subscription@2.1.16':
    dependencies:
      '@remote-ui/rpc': 1.4.5

  '@remote-ui/core@2.2.5':
    dependencies:
      '@remote-ui/rpc': 1.4.5
      '@remote-ui/types': 1.1.3

  '@remote-ui/react@5.0.6(react-reconciler@0.29.0(react@18.3.1))(react@18.3.1)':
    dependencies:
      '@remote-ui/async-subscription': 2.1.16
      '@remote-ui/core': 2.2.5
      '@remote-ui/rpc': 1.4.5
      '@types/react': 18.3.20
      '@types/react-reconciler': 0.28.9(@types/react@18.3.20)
      react: 18.3.1
    optionalDependencies:
      react-reconciler: 0.29.0(react@18.3.1)

  '@remote-ui/rpc@1.4.5': {}

  '@remote-ui/types@1.1.3': {}

  '@shopify/ui-extensions-react@2025.4.0(@shopify/ui-extensions@2025.4.0)(react-reconciler@0.29.0(react@18.3.1))(react@18.3.1)':
    dependencies:
      '@remote-ui/async-subscription': 2.1.16
      '@remote-ui/react': 5.0.6(react-reconciler@0.29.0(react@18.3.1))(react@18.3.1)
      '@shopify/ui-extensions': 2025.4.0
      '@types/react': 18.3.20
      react: 18.3.1
    transitivePeerDependencies:
      - react-reconciler

  '@shopify/ui-extensions@0.0.0-2025-07-rc-20250425221259':
    dependencies:
      ts-morph: 25.0.1
    optionalDependencies:
      '@preact/signals': 2.0.4(preact@10.26.5)
      preact: 10.26.5

  '@shopify/ui-extensions@2025.4.0':
    dependencies:
      '@remote-ui/async-subscription': 2.1.16
      '@remote-ui/core': 2.2.5

  '@ts-morph/common@0.26.1':
    dependencies:
      fast-glob: 3.3.3
      minimatch: 9.0.5
      path-browserify: 1.0.1

  '@types/prop-types@15.7.14': {}

  '@types/react-reconciler@0.28.9(@types/react@18.3.20)':
    dependencies:
      '@types/react': 18.3.20

  '@types/react@18.3.20':
    dependencies:
      '@types/prop-types': 15.7.14
      csstype: 3.1.3

  balanced-match@1.0.2: {}

  brace-expansion@2.0.1:
    dependencies:
      balanced-match: 1.0.2

  braces@3.0.3:
    dependencies:
      fill-range: 7.1.1

  code-block-writer@13.0.3: {}

  csstype@3.1.3: {}

  fast-glob@3.3.3:
    dependencies:
      '@nodelib/fs.stat': 2.0.5
      '@nodelib/fs.walk': 1.2.8
      glob-parent: 5.1.2
      merge2: 1.4.1
      micromatch: 4.0.8

  fastq@1.19.1:
    dependencies:
      reusify: 1.1.0

  fill-range@7.1.1:
    dependencies:
      to-regex-range: 5.0.1

  glob-parent@5.1.2:
    dependencies:
      is-glob: 4.0.3

  is-extglob@2.1.1: {}

  is-glob@4.0.3:
    dependencies:
      is-extglob: 2.1.1

  is-number@7.0.0: {}

  js-tokens@4.0.0: {}

  loose-envify@1.4.0:
    dependencies:
      js-tokens: 4.0.0

  merge2@1.4.1: {}

  micromatch@4.0.8:
    dependencies:
      braces: 3.0.3
      picomatch: 2.3.1

  minimatch@9.0.5:
    dependencies:
      brace-expansion: 2.0.1

  path-browserify@1.0.1: {}

  picomatch@2.3.1: {}

  preact@10.26.5: {}

  queue-microtask@1.2.3: {}

  react-reconciler@0.29.0(react@18.3.1):
    dependencies:
      loose-envify: 1.4.0
      react: 18.3.1
      scheduler: 0.23.2

  react@18.3.1:
    dependencies:
      loose-envify: 1.4.0

  reusify@1.1.0: {}

  run-parallel@1.2.0:
    dependencies:
      queue-microtask: 1.2.3

  scheduler@0.23.2:
    dependencies:
      loose-envify: 1.4.0

  to-regex-range@5.0.1:
    dependencies:
      is-number: 7.0.0

  ts-morph@25.0.1:
    dependencies:
      '@ts-morph/common': 0.26.1
      code-block-writer: 13.0.3
